
Microsoft Visual Studio Solution File, Format Version 12.00
# Visual Studio 14
VisualStudioVersion = 14.0.23107.0
MinimumVisualStudioVersion = 10.0.40219.1
Project("{8BC9CEB8-8B4A-11D0-8D11-00A0C91BC942}") = "Valet", "Valet\Valet.vcxproj", "{ADC6A6A6-CE2E-4868-B300-6F59AF98CADB}"
EndProject
Project("{8BC9CEB8-8B4A-11D0-8D11-00A0C91BC942}") = "vlib", "vlib\vlib.vcxproj", "{85D4B273-E53B-43B0-AA6C-DE860F17C927}"
EndProject
Project("{8BC9CEB8-8B4A-11D0-8D11-00A0C91BC942}") = "vlib.test", "vlib.test\vlib.test.vcxproj", "{317ADF23-6287-4F03-81E7-31B1B520CEF4}"
EndProject
Project("{FAE04EC0-301F-11D3-BF4B-00C04F79EFBC}") = "vlib.test.csharp", "vlibUI\vlib.test.csharp.csproj", "{DD134282-1624-4C2E-86EC-CDD3F935FE11}"
EndProject
Global
	GlobalSection(SolutionConfigurationPlatforms) = preSolution
		Debug|Any CPU = Debug|Any CPU
		Debug|ARM = Debug|ARM
		Debug|x64 = Debug|x64
		Debug|x86 = Debug|x86
		Release|Any CPU = Release|Any CPU
		Release|ARM = Release|ARM
		Release|x64 = Release|x64
		Release|x86 = Release|x86
	EndGlobalSection
	GlobalSection(ProjectConfigurationPlatforms) = postSolution
		{ADC6A6A6-CE2E-4868-B300-6F59AF98CADB}.Debug|Any CPU.ActiveCfg = Debug|Win32
		{ADC6A6A6-CE2E-4868-B300-6F59AF98CADB}.Debug|ARM.ActiveCfg = Debug|Win32
		{ADC6A6A6-CE2E-4868-B300-6F59AF98CADB}.Debug|x64.ActiveCfg = Debug|x64
		{ADC6A6A6-CE2E-4868-B300-6F59AF98CADB}.Debug|x64.Build.0 = Debug|x64
		{ADC6A6A6-CE2E-4868-B300-6F59AF98CADB}.Debug|x86.ActiveCfg = Debug|Win32
		{ADC6A6A6-CE2E-4868-B300-6F59AF98CADB}.Debug|x86.Build.0 = Debug|Win32
		{ADC6A6A6-CE2E-4868-B300-6F59AF98CADB}.Release|Any CPU.ActiveCfg = Release|Win32
		{ADC6A6A6-CE2E-4868-B300-6F59AF98CADB}.Release|ARM.ActiveCfg = Release|Win32
		{ADC6A6A6-CE2E-4868-B300-6F59AF98CADB}.Release|x64.ActiveCfg = Release|x64
		{ADC6A6A6-CE2E-4868-B300-6F59AF98CADB}.Release|x64.Build.0 = Release|x64
		{ADC6A6A6-CE2E-4868-B300-6F59AF98CADB}.Release|x86.ActiveCfg = Release|Win32
		{ADC6A6A6-CE2E-4868-B300-6F59AF98CADB}.Release|x86.Build.0 = Release|Win32
		{85D4B273-E53B-43B0-AA6C-DE860F17C927}.Debug|Any CPU.ActiveCfg = Debug|Win32
		{85D4B273-E53B-43B0-AA6C-DE860F17C927}.Debug|ARM.ActiveCfg = Debug|Win32
		{85D4B273-E53B-43B0-AA6C-DE860F17C927}.Debug|x64.ActiveCfg = Debug|x64
		{85D4B273-E53B-43B0-AA6C-DE860F17C927}.Debug|x64.Build.0 = Debug|x64
		{85D4B273-E53B-43B0-AA6C-DE860F17C927}.Debug|x86.ActiveCfg = Debug|Win32
		{85D4B273-E53B-43B0-AA6C-DE860F17C927}.Debug|x86.Build.0 = Debug|Win32
		{85D4B273-E53B-43B0-AA6C-DE860F17C927}.Release|Any CPU.ActiveCfg = Release|Win32
		{85D4B273-E53B-43B0-AA6C-DE860F17C927}.Release|ARM.ActiveCfg = Release|Win32
		{85D4B273-E53B-43B0-AA6C-DE860F17C927}.Release|x64.ActiveCfg = Release|x64
		{85D4B273-E53B-43B0-AA6C-DE860F17C927}.Release|x64.Build.0 = Release|x64
		{85D4B273-E53B-43B0-AA6C-DE860F17C927}.Release|x86.ActiveCfg = Release|Win32
		{85D4B273-E53B-43B0-AA6C-DE860F17C927}.Release|x86.Build.0 = Release|Win32
		{317ADF23-6287-4F03-81E7-31B1B520CEF4}.Debug|Any CPU.ActiveCfg = Debug|Win32
		{317ADF23-6287-4F03-81E7-31B1B520CEF4}.Debug|ARM.ActiveCfg = Debug|Win32
		{317ADF23-6287-4F03-81E7-31B1B520CEF4}.Debug|x64.ActiveCfg = Debug|x64
		{317ADF23-6287-4F03-81E7-31B1B520CEF4}.Debug|x64.Build.0 = Debug|x64
		{317ADF23-6287-4F03-81E7-31B1B520CEF4}.Debug|x86.ActiveCfg = Debug|Win32
		{317ADF23-6287-4F03-81E7-31B1B520CEF4}.Debug|x86.Build.0 = Debug|Win32
		{317ADF23-6287-4F03-81E7-31B1B520CEF4}.Release|Any CPU.ActiveCfg = Release|Win32
		{317ADF23-6287-4F03-81E7-31B1B520CEF4}.Release|ARM.ActiveCfg = Release|Win32
		{317ADF23-6287-4F03-81E7-31B1B520CEF4}.Release|x64.ActiveCfg = Release|x64
		{317ADF23-6287-4F03-81E7-31B1B520CEF4}.Release|x64.Build.0 = Release|x64
		{317ADF23-6287-4F03-81E7-31B1B520CEF4}.Release|x86.ActiveCfg = Release|Win32
		{317ADF23-6287-4F03-81E7-31B1B520CEF4}.Release|x86.Build.0 = Release|Win32
		{DD134282-1624-4C2E-86EC-CDD3F935FE11}.Debug|Any CPU.ActiveCfg = Debug|Any CPU
		{DD134282-1624-4C2E-86EC-CDD3F935FE11}.Debug|Any CPU.Build.0 = Debug|Any CPU
		{DD134282-1624-4C2E-86EC-CDD3F935FE11}.Debug|ARM.ActiveCfg = Debug|Any CPU
		{DD134282-1624-4C2E-86EC-CDD3F935FE11}.Debug|ARM.Build.0 = Debug|Any CPU
		{DD134282-1624-4C2E-86EC-CDD3F935FE11}.Debug|x64.ActiveCfg = Debug|Any CPU
		{DD134282-1624-4C2E-86EC-CDD3F935FE11}.Debug|x64.Build.0 = Debug|Any CPU
		{DD134282-1624-4C2E-86EC-CDD3F935FE11}.Debug|x86.ActiveCfg = Debug|Any CPU
		{DD134282-1624-4C2E-86EC-CDD3F935FE11}.Debug|x86.Build.0 = Debug|Any CPU
		{DD134282-1624-4C2E-86EC-CDD3F935FE11}.Release|Any CPU.ActiveCfg = Release|Any CPU
		{DD134282-1624-4C2E-86EC-CDD3F935FE11}.Release|Any CPU.Build.0 = Release|Any CPU
		{DD134282-1624-4C2E-86EC-CDD3F935FE11}.Release|ARM.ActiveCfg = Release|Any CPU
		{DD134282-1624-4C2E-86EC-CDD3F935FE11}.Release|ARM.Build.0 = Release|Any CPU
		{DD134282-1624-4C2E-86EC-CDD3F935FE11}.Release|x64.ActiveCfg = Release|Any CPU
		{DD134282-1624-4C2E-86EC-CDD3F935FE11}.Release|x64.Build.0 = Release|Any CPU
		{DD134282-1624-4C2E-86EC-CDD3F935FE11}.Release|x86.ActiveCfg = Release|Any CPU
		{DD134282-1624-4C2E-86EC-CDD3F935FE11}.Release|x86.Build.0 = Release|Any CPU
	EndGlobalSection
	GlobalSection(SolutionProperties) = preSolution
		HideSolutionNode = FALSE
	EndGlobalSection
EndGlobal
